// !$*UTF8*$!
{
	archiveVersion = 1;
	classes = {
	};
	objectVersion = 50;
	objects = {

/* Begin PBXBuildFile section */
		EA8EC1B8F99E1ABB10732A21 /* Pods_Elemental.framework in Frameworks */ = {isa = PBXBuildFile; fileRef = 7FD07F41B4B4A46ACCBA9071 /* Pods_Elemental.framework */; };
		F87D433021CB83C2005A84F0 /* AppDelegate.swift in Sources */ = {isa = PBXBuildFile; fileRef = F87D432F21CB83C2005A84F0 /* AppDelegate.swift */; };
		F87D433221CB83C2005A84F0 /* ViewController.swift in Sources */ = {isa = PBXBuildFile; fileRef = F87D433121CB83C2005A84F0 /* ViewController.swift */; };
		F87D433521CB83C2005A84F0 /* Main.storyboard in Resources */ = {isa = PBXBuildFile; fileRef = F87D433321CB83C2005A84F0 /* Main.storyboard */; };
		F87D433721CB83C3005A84F0 /* Assets.xcassets in Resources */ = {isa = PBXBuildFile; fileRef = F87D433621CB83C3005A84F0 /* Assets.xcassets */; };
		F87D433A21CB83C3005A84F0 /* LaunchScreen.storyboard in Resources */ = {isa = PBXBuildFile; fileRef = F87D433821CB83C3005A84F0 /* LaunchScreen.storyboard */; };
/* End PBXBuildFile section */

/* Begin PBXContainerItemProxy section */
		F87D434121CB83C3005A84F0 /* PBXContainerItemProxy */ = {
			isa = PBXContainerItemProxy;
			containerPortal = F87D432421CB83C2005A84F0 /* Project object */;
			proxyType = 1;
			remoteGlobalIDString = F87D432B21CB83C2005A84F0;
			remoteInfo = Elemental;
		};
		F87D434C21CB83C3005A84F0 /* PBXContainerItemProxy */ = {
			isa = PBXContainerItemProxy;
			containerPortal = F87D432421CB83C2005A84F0 /* Project object */;
			proxyType = 1;
			remoteGlobalIDString = F87D432B21CB83C2005A84F0;
			remoteInfo = Elemental;
		};
/* End PBXContainerItemProxy section */

/* Begin PBXFileReference section */
		699A993028AD5E49F85CF7B1 /* Pods-Elemental.debug.xcconfig */ = {isa = PBXFileReference; includeInIndex = 1; lastKnownFileType = text.xcconfig; name = "Pods-Elemental.debug.xcconfig"; path = "Pods/Target Support Files/Pods-Elemental/Pods-Elemental.debug.xcconfig"; sourceTree = "<group>"; };
		7FD07F41B4B4A46ACCBA9071 /* Pods_Elemental.framework */ = {isa = PBXFileReference; explicitFileType = wrapper.framework; includeInIndex = 0; path = Pods_Elemental.framework; sourceTree = BUILT_PRODUCTS_DIR; };
		8D5641B21CBD4C8571229A3D /* Pods-Elemental.release.xcconfig */ = {isa = PBXFileReference; includeInIndex = 1; lastKnownFileType = text.xcconfig; name = "Pods-Elemental.release.xcconfig"; path = "Pods/Target Support Files/Pods-Elemental/Pods-Elemental.release.xcconfig"; sourceTree = "<group>"; };
		F87D432C21CB83C2005A84F0 /* Elemental.app */ = {isa = PBXFileReference; explicitFileType = wrapper.application; includeInIndex = 0; path = Elemental.app; sourceTree = BUILT_PRODUCTS_DIR; };
		F87D432F21CB83C2005A84F0 /* AppDelegate.swift */ = {isa = PBXFileReference; lastKnownFileType = sourcecode.swift; path = AppDelegate.swift; sourceTree = "<group>"; };
		F87D433121CB83C2005A84F0 /* ViewController.swift */ = {isa = PBXFileReference; lastKnownFileType = sourcecode.swift; path = ViewController.swift; sourceTree = "<group>"; };
		F87D433421CB83C2005A84F0 /* Base */ = {isa = PBXFileReference; lastKnownFileType = file.storyboard; name = Base; path = Base.lproj/Main.storyboard; sourceTree = "<group>"; };
		F87D433621CB83C3005A84F0 /* Assets.xcassets */ = {isa = PBXFileReference; lastKnownFileType = folder.assetcatalog; path = Assets.xcassets; sourceTree = "<group>"; };
		F87D433921CB83C3005A84F0 /* Base */ = {isa = PBXFileReference; lastKnownFileType = file.storyboard; name = Base; path = Base.lproj/LaunchScreen.storyboard; sourceTree = "<group>"; };
		F87D433B21CB83C3005A84F0 /* Info.plist */ = {isa = PBXFileReference; lastKnownFileType = text.plist.xml; path = Info.plist; sourceTree = "<group>"; };
		F87D434021CB83C3005A84F0 /* ElementalTests.xctest */ = {isa = PBXFileReference; explicitFileType = wrapper.cfbundle; includeInIndex = 0; path = ElementalTests.xctest; sourceTree = BUILT_PRODUCTS_DIR; };
		F87D434B21CB83C3005A84F0 /* ElementalUITests.xctest */ = {isa = PBXFileReference; explicitFileType = wrapper.cfbundle; includeInIndex = 0; path = ElementalUITests.xctest; sourceTree = BUILT_PRODUCTS_DIR; };
/* End PBXFileReference section */

/* Begin PBXFrameworksBuildPhase section */
		F87D432921CB83C2005A84F0 /* Frameworks */ = {
			isa = PBXFrameworksBuildPhase;
			buildActionMask = 2147483647;
			files = (
				EA8EC1B8F99E1ABB10732A21 /* Pods_Elemental.framework in Frameworks */,
			);
			runOnlyForDeploymentPostprocessing = 0;
		};
		F87D433D21CB83C3005A84F0 /* Frameworks */ = {
			isa = PBXFrameworksBuildPhase;
			buildActionMask = 2147483647;
			files = (
			);
			runOnlyForDeploymentPostprocessing = 0;
		};
		F87D434821CB83C3005A84F0 /* Frameworks */ = {
			isa = PBXFrameworksBuildPhase;
			buildActionMask = 2147483647;
			files = (
			);
			runOnlyForDeploymentPostprocessing = 0;
		};
/* End PBXFrameworksBuildPhase section */

/* Begin PBXGroup section */
		47838ED6D083C2D202A92960 /* Pods */ = {
			isa = PBXGroup;
			children = (
				699A993028AD5E49F85CF7B1 /* Pods-Elemental.debug.xcconfig */,
				8D5641B21CBD4C8571229A3D /* Pods-Elemental.release.xcconfig */,
			);
			name = Pods;
			sourceTree = "<group>";
		};
		500BBD2D66BE380A061EE194 /* Frameworks */ = {
			isa = PBXGroup;
			children = (
				7FD07F41B4B4A46ACCBA9071 /* Pods_Elemental.framework */,
			);
			name = Frameworks;
			sourceTree = "<group>";
		};
		F87D432321CB83C2005A84F0 = {
			isa = PBXGroup;
			children = (
				F87D432E21CB83C2005A84F0 /* Elemental */,
				F87D432D21CB83C2005A84F0 /* Products */,
				47838ED6D083C2D202A92960 /* Pods */,
				500BBD2D66BE380A061EE194 /* Frameworks */,
			);
			sourceTree = "<group>";
		};
		F87D432D21CB83C2005A84F0 /* Products */ = {
			isa = PBXGroup;
			children = (
				F87D432C21CB83C2005A84F0 /* Elemental.app */,
				F87D434021CB83C3005A84F0 /* ElementalTests.xctest */,
				F87D434B21CB83C3005A84F0 /* ElementalUITests.xctest */,
			);
			name = Products;
			sourceTree = "<group>";
		};
		F87D432E21CB83C2005A84F0 /* Elemental */ = {
			isa = PBXGroup;
			children = (
				F87D432F21CB83C2005A84F0 /* AppDelegate.swift */,
				F87D433121CB83C2005A84F0 /* ViewController.swift */,
				F87D433321CB83C2005A84F0 /* Main.storyboard */,
				F87D433621CB83C3005A84F0 /* Assets.xcassets */,
				F87D433821CB83C3005A84F0 /* LaunchScreen.storyboard */,
				F87D433B21CB83C3005A84F0 /* Info.plist */,
			);
			path = Elemental;
			sourceTree = "<group>";
		};
/* End PBXGroup section */

/* Begin PBXNativeTarget section */
		F87D432B21CB83C2005A84F0 /* Elemental */ = {
			isa = PBXNativeTarget;
			buildConfigurationList = F87D435421CB83C3005A84F0 /* Build configuration list for PBXNativeTarget "Elemental" */;
			buildPhases = (
				D68379784E464B62E572BBAD /* [CP] Check Pods Manifest.lock */,
				F87D432821CB83C2005A84F0 /* Sources */,
				F87D432921CB83C2005A84F0 /* Frameworks */,
				F87D432A21CB83C2005A84F0 /* Resources */,
				198A55536276DC156F7BA0F8 /* [CP] Embed Pods Frameworks */,
			);
			buildRules = (
			);
			dependencies = (
			);
			name = Elemental;
			productName = Elemental;
			productReference = F87D432C21CB83C2005A84F0 /* Elemental.app */;
			productType = "com.apple.product-type.application";
		};
		F87D433F21CB83C3005A84F0 /* ElementalTests */ = {
			isa = PBXNativeTarget;
			buildConfigurationList = F87D435721CB83C3005A84F0 /* Build configuration list for PBXNativeTarget "ElementalTests" */;
			buildPhases = (
				F87D433C21CB83C3005A84F0 /* Sources */,
				F87D433D21CB83C3005A84F0 /* Frameworks */,
				F87D433E21CB83C3005A84F0 /* Resources */,
			);
			buildRules = (
			);
			dependencies = (
				F87D434221CB83C3005A84F0 /* PBXTargetDependency */,
			);
			name = ElementalTests;
			productName = ElementalTests;
			productReference = F87D434021CB83C3005A84F0 /* ElementalTests.xctest */;
			productType = "com.apple.product-type.bundle.unit-test";
		};
		F87D434A21CB83C3005A84F0 /* ElementalUITests */ = {
			isa = PBXNativeTarget;
			buildConfigurationList = F87D435A21CB83C3005A84F0 /* Build configuration list for PBXNativeTarget "ElementalUITests" */;
			buildPhases = (
				F87D434721CB83C3005A84F0 /* Sources */,
				F87D434821CB83C3005A84F0 /* Frameworks */,
				F87D434921CB83C3005A84F0 /* Resources */,
			);
			buildRules = (
			);
			dependencies = (
				F87D434D21CB83C3005A84F0 /* PBXTargetDependency */,
			);
			name = ElementalUITests;
			productName = ElementalUITests;
			productReference = F87D434B21CB83C3005A84F0 /* ElementalUITests.xctest */;
			productType = "com.apple.product-type.bundle.ui-testing";
		};
/* End PBXNativeTarget section */

/* Begin PBXProject section */
		F87D432421CB83C2005A84F0 /* Project object */ = {
			isa = PBXProject;
			attributes = {
				LastSwiftUpdateCheck = 1010;
				LastUpgradeCheck = 1010;
				ORGANIZATIONNAME = "George Yu";
				TargetAttributes = {
					F87D432B21CB83C2005A84F0 = {
						CreatedOnToolsVersion = 10.1;
						LastSwiftMigration = 1160;
					};
					F87D433F21CB83C3005A84F0 = {
						CreatedOnToolsVersion = 10.1;
						LastSwiftMigration = 1160;
						TestTargetID = F87D432B21CB83C2005A84F0;
					};
					F87D434A21CB83C3005A84F0 = {
						CreatedOnToolsVersion = 10.1;
						LastSwiftMigration = 1160;
						TestTargetID = F87D432B21CB83C2005A84F0;
					};
				};
			};
			buildConfigurationList = F87D432721CB83C2005A84F0 /* Build configuration list for PBXProject "Elemental" */;
			compatibilityVersion = "Xcode 9.3";
			developmentRegion = en;
			hasScannedForEncodings = 0;
			knownRegions = (
				en,
				Base,
			);
			mainGroup = F87D432321CB83C2005A84F0;
			productRefGroup = F87D432D21CB83C2005A84F0 /* Products */;
			projectDirPath = "";
			projectRoot = "";
			targets = (
				F87D432B21CB83C2005A84F0 /* Elemental */,
				F87D433F21CB83C3005A84F0 /* ElementalTests */,
				F87D434A21CB83C3005A84F0 /* ElementalUITests */,
			);
		};
/* End PBXProject section */

/* Begin PBXResourcesBuildPhase section */
		F87D432A21CB83C2005A84F0 /* Resources */ = {
			isa = PBXResourcesBuildPhase;
			buildActionMask = 2147483647;
			files = (
				F87D433A21CB83C3005A84F0 /* LaunchScreen.storyboard in Resources */,
				F87D433721CB83C3005A84F0 /* Assets.xcassets in Resources */,
				F87D433521CB83C2005A84F0 /* Main.storyboard in Resources */,
			);
			runOnlyForDeploymentPostprocessing = 0;
		};
		F87D433E21CB83C3005A84F0 /* Resources */ = {
			isa = PBXResourcesBuildPhase;
			buildActionMask = 2147483647;
			files = (
			);
			runOnlyForDeploymentPostprocessing = 0;
		};
		F87D434921CB83C3005A84F0 /* Resources */ = {
			isa = PBXResourcesBuildPhase;
			buildActionMask = 2147483647;
			files = (
			);
			runOnlyForDeploymentPostprocessing = 0;
		};
/* End PBXResourcesBuildPhase section */

/* Begin PBXShellScriptBuildPhase section */
		198A55536276DC156F7BA0F8 /* [CP] Embed Pods Frameworks */ = {
			isa = PBXShellScriptBuildPhase;
			buildActionMask = 2147483647;
			files = (
			);
			inputFileListPaths = (
			);
			inputPaths = (
				"${SRCROOT}/Pods/Target Support Files/Pods-Elemental/Pods-Elemental-frameworks.sh",
				"${BUILT_PRODUCTS_DIR}/Alamofire/Alamofire.framework",
				"${BUILT_PRODUCTS_DIR}/NVActivityIndicatorView/NVActivityIndicatorView.framework",
				"${BUILT_PRODUCTS_DIR}/SwiftyJSON/SwiftyJSON.framework",
			);
			name = "[CP] Embed Pods Frameworks";
			outputFileListPaths = (
			);
			outputPaths = (
				"${TARGET_BUILD_DIR}/${FRAMEWORKS_FOLDER_PATH}/Alamofire.framework",
				"${TARGET_BUILD_DIR}/${FRAMEWORKS_FOLDER_PATH}/NVActivityIndicatorView.framework",
				"${TARGET_BUILD_DIR}/${FRAMEWORKS_FOLDER_PATH}/SwiftyJSON.framework",
			);
			runOnlyForDeploymentPostprocessing = 0;
			shellPath = /bin/sh;
			shellScript = "\"${SRCROOT}/Pods/Target Support Files/Pods-Elemental/Pods-Elemental-frameworks.sh\"\n";
			showEnvVarsInLog = 0;
		};
		D68379784E464B62E572BBAD /* [CP] Check Pods Manifest.lock */ = {
			isa = PBXShellScriptBuildPhase;
			buildActionMask = 2147483647;
			files = (
			);
			inputFileListPaths = (
			);
			inputPaths = (
				"${PODS_PODFILE_DIR_PATH}/Podfile.lock",
				"${PODS_ROOT}/Manifest.lock",
			);
			name = "[CP] Check Pods Manifest.lock";
			outputFileListPaths = (
			);
			outputPaths = (
				"$(DERIVED_FILE_DIR)/Pods-Elemental-checkManifestLockResult.txt",
			);
			runOnlyForDeploymentPostprocessing = 0;
			shellPath = /bin/sh;
			shellScript = "diff \"${PODS_PODFILE_DIR_PATH}/Podfile.lock\" \"${PODS_ROOT}/Manifest.lock\" > /dev/null\nif [ $? != 0 ] ; then\n    # print error to STDERR\n    echo \"error: The sandbox is not in sync with the Podfile.lock. Run 'pod install' or update your CocoaPods installation.\" >&2\n    exit 1\nfi\n# This output is used by Xcode 'outputs' to avoid re-running this script phase.\necho \"SUCCESS\" > \"${SCRIPT_OUTPUT_FILE_0}\"\n";
			showEnvVarsInLog = 0;
		};
/* End PBXShellScriptBuildPhase section */

/* Begin PBXSourcesBuildPhase section */
		F87D432821CB83C2005A84F0 /* Sources */ = {
			isa = PBXSourcesBuildPhase;
			buildActionMask = 2147483647;
			files = (
				F87D433221CB83C2005A84F0 /* ViewController.swift in Sources */,
				F87D433021CB83C2005A84F0 /* AppDelegate.swift in Sources */,
			);
			runOnlyForDeploymentPostprocessing = 0;
		};
		F87D433C21CB83C3005A84F0 /* Sources */ = {
			isa = PBXSourcesBuildPhase;
			buildActionMask = 2147483647;
			files = (
			);
			runOnlyForDeploymentPostprocessing = 0;
		};
		F87D434721CB83C3005A84F0 /* Sources */ = {
			isa = PBXSourcesBuildPhase;
			buildActionMask = 2147483647;
			files = (
			);
			runOnlyForDeploymentPostprocessing = 0;
		};
/* End PBXSourcesBuildPhase section */

/* Begin PBXTargetDependency section */
		F87D434221CB83C3005A84F0 /* PBXTargetDependency */ = {
			isa = PBXTargetDependency;
			target = F87D432B21CB83C2005A84F0 /* Elemental */;
			targetProxy = F87D434121CB83C3005A84F0 /* PBXContainerItemProxy */;
		};
		F87D434D21CB83C3005A84F0 /* PBXTargetDependency */ = {
			isa = PBXTargetDependency;
			target = F87D432B21CB83C2005A84F0 /* Elemental */;
			targetProxy = F87D434C21CB83C3005A84F0 /* PBXContainerItemProxy */;
		};
/* End PBXTargetDependency section */

/* Begin PBXVariantGroup section */
		F87D433321CB83C2005A84F0 /* Main.storyboard */ = {
			isa = PBXVariantGroup;
			children = (
				F87D433421CB83C2005A84F0 /* Base */,
			);
			name = Main.storyboard;
			sourceTree = "<group>";
		};
		F87D433821CB83C3005A84F0 /* LaunchScreen.storyboard */ = {
			isa = PBXVariantGroup;
			children = (
				F87D433921CB83C3005A84F0 /* Base */,
			);
			name = LaunchScreen.storyboard;
			sourceTree = "<group>";
		};
/* End PBXVariantGroup section */

/* Begin XCBuildConfiguration section */
		F87D435221CB83C3005A84F0 /* Debug */ = {
			isa = XCBuildConfiguration;
			buildSettings = {
				ALWAYS_SEARCH_USER_PATHS = NO;
				CLANG_ANALYZER_NONNULL = YES;
				CLANG_ANALYZER_NUMBER_OBJECT_CONVERSION = YES_AGGRESSIVE;
				CLANG_CXX_LANGUAGE_STANDARD = "gnu++14";
				CLANG_CXX_LIBRARY = "libc++";
				CLANG_ENABLE_MODULES = YES;
				CLANG_ENABLE_OBJC_ARC = YES;
				CLANG_ENABLE_OBJC_WEAK = YES;
				CLANG_WARN_BLOCK_CAPTURE_AUTORELEASING = YES;
				CLANG_WARN_BOOL_CONVERSION = YES;
				CLANG_WARN_COMMA = YES;
				CLANG_WARN_CONSTANT_CONVERSION = YES;
				CLANG_WARN_DEPRECATED_OBJC_IMPLEMENTATIONS = YES;
				CLANG_WARN_DIRECT_OBJC_ISA_USAGE = YES_ERROR;
				CLANG_WARN_DOCUMENTATION_COMMENTS = YES;
				CLANG_WARN_EMPTY_BODY = YES;
				CLANG_WARN_ENUM_CONVERSION = YES;
				CLANG_WARN_INFINITE_RECURSION = YES;
				CLANG_WARN_INT_CONVERSION = YES;
				CLANG_WARN_NON_LITERAL_NULL_CONVERSION = YES;
				CLANG_WARN_OBJC_IMPLICIT_RETAIN_SELF = YES;
				CLANG_WARN_OBJC_LITERAL_CONVERSION = YES;
				CLANG_WARN_OBJC_ROOT_CLASS = YES_ERROR;
				CLANG_WARN_RANGE_LOOP_ANALYSIS = YES;
				CLANG_WARN_STRICT_PROTOTYPES = YES;
				CLANG_WARN_SUSPICIOUS_MOVE = YES;
				CLANG_WARN_UNGUARDED_AVAILABILITY = YES_AGGRESSIVE;
				CLANG_WARN_UNREACHABLE_CODE = YES;
				CLANG_WARN__DUPLICATE_METHOD_MATCH = YES;
				CODE_SIGN_IDENTITY = "iPhone Developer";
				COPY_PHASE_STRIP = NO;
				DEBUG_INFORMATION_FORMAT = dwarf;
				ENABLE_STRICT_OBJC_MSGSEND = YES;
				ENABLE_TESTABILITY = YES;
				GCC_C_LANGUAGE_STANDARD = gnu11;
				GCC_DYNAMIC_NO_PIC = NO;
				GCC_NO_COMMON_BLOCKS = YES;
				GCC_OPTIMIZATION_LEVEL = 0;
				GCC_PREPROCESSOR_DEFINITIONS = (
					"DEBUG=1",
					"$(inherited)",
				);
				GCC_WARN_64_TO_32_BIT_CONVERSION = YES;
				GCC_WARN_ABOUT_RETURN_TYPE = YES_ERROR;
				GCC_WARN_UNDECLARED_SELECTOR = YES;
				GCC_WARN_UNINITIALIZED_AUTOS = YES_AGGRESSIVE;
				GCC_WARN_UNUSED_FUNCTION = YES;
				GCC_WARN_UNUSED_VARIABLE = YES;
				IPHONEOS_DEPLOYMENT_TARGET = 12.1;
				MTL_ENABLE_DEBUG_INFO = INCLUDE_SOURCE;
				MTL_FAST_MATH = YES;
				ONLY_ACTIVE_ARCH = YES;
				SDKROOT = iphoneos;
				SWIFT_ACTIVE_COMPILATION_CONDITIONS = DEBUG;
				SWIFT_OPTIMIZATION_LEVEL = "-Onone";
			};
			name = Debug;
		};
		F87D435321CB83C3005A84F0 /* Release */ = {
			isa = XCBuildConfiguration;
			buildSettings = {
				ALWAYS_SEARCH_USER_PATHS = NO;
				CLANG_ANALYZER_NONNULL = YES;
				CLANG_ANALYZER_NUMBER_OBJECT_CONVERSION = YES_AGGRESSIVE;
				CLANG_CXX_LANGUAGE_STANDARD = "gnu++14";
				CLANG_CXX_LIBRARY = "libc++";
				CLANG_ENABLE_MODULES = YES;
				CLANG_ENABLE_OBJC_ARC = YES;
				CLANG_ENABLE_OBJC_WEAK = YES;
				CLANG_WARN_BLOCK_CAPTURE_AUTORELEASING = YES;
				CLANG_WARN_BOOL_CONVERSION = YES;
				CLANG_WARN_COMMA = YES;
				CLANG_WARN_CONSTANT_CONVERSION = YES;
				CLANG_WARN_DEPRECATED_OBJC_IMPLEMENTATIONS = YES;
				CLANG_WARN_DIRECT_OBJC_ISA_USAGE = YES_ERROR;
				CLANG_WARN_DOCUMENTATION_COMMENTS = YES;
				CLANG_WARN_EMPTY_BODY = YES;
				CLANG_WARN_ENUM_CONVERSION = YES;
				CLANG_WARN_INFINITE_RECURSION = YES;
				CLANG_WARN_INT_CONVERSION = YES;
				CLANG_WARN_NON_LITERAL_NULL_CONVERSION = YES;
				CLANG_WARN_OBJC_IMPLICIT_RETAIN_SELF = YES;
				CLANG_WARN_OBJC_LITERAL_CONVERSION = YES;
				CLANG_WARN_OBJC_ROOT_CLASS = YES_ERROR;
				CLANG_WARN_RANGE_LOOP_ANALYSIS = YES;
				CLANG_WARN_STRICT_PROTOTYPES = YES;
				CLANG_WARN_SUSPICIOUS_MOVE = YES;
				CLANG_WARN_UNGUARDED_AVAILABILITY = YES_AGGRESSIVE;
				CLANG_WARN_UNREACHABLE_CODE = YES;
				CLANG_WARN__DUPLICATE_METHOD_MATCH = YES;
				CODE_SIGN_IDENTITY = "iPhone Developer";
				COPY_PHASE_STRIP = NO;
				DEBUG_INFORMATION_FORMAT = "dwarf-with-dsym";
				ENABLE_NS_ASSERTIONS = NO;
				ENABLE_STRICT_OBJC_MSGSEND = YES;
				GCC_C_LANGUAGE_STANDARD = gnu11;
				GCC_NO_COMMON_BLOCKS = YES;
				GCC_WARN_64_TO_32_BIT_CONVERSION = YES;
				GCC_WARN_ABOUT_RETURN_TYPE = YES_ERROR;
				GCC_WARN_UNDECLARED_SELECTOR = YES;
				GCC_WARN_UNINITIALIZED_AUTOS = YES_AGGRESSIVE;
				GCC_WARN_UNUSED_FUNCTION = YES;
				GCC_WARN_UNUSED_VARIABLE = YES;
				IPHONEOS_DEPLOYMENT_TARGET = 12.1;
				MTL_ENABLE_DEBUG_INFO = NO;
				MTL_FAST_MATH = YES;
				SDKROOT = iphoneos;
				SWIFT_COMPILATION_MODE = wholemodule;
				SWIFT_OPTIMIZATION_LEVEL = "-O";
				VALIDATE_PRODUCT = YES;
			};
			name = Release;
		};
		F87D435521CB83C3005A84F0 /* Debug */ = {
			isa = XCBuildConfiguration;
			baseConfigurationReference = 699A993028AD5E49F85CF7B1 /* Pods-Elemental.debug.xcconfig */;
			buildSettings = {
				ASSETCATALOG_COMPILER_APPICON_NAME = AppIcon;
				CODE_SIGN_STYLE = Automatic;
				DEVELOPMENT_TEAM = A6P947AGWR;
				INFOPLIST_FILE = Elemental/Info.plist;
				IPHONEOS_DEPLOYMENT_TARGET = 13.6;
				LD_RUNPATH_SEARCH_PATHS = (
					"$(inherited)",
					"@executable_path/Frameworks",
				);
				PRODUCT_BUNDLE_IDENTIFIER = com.GeorgeYuApps.Elemental;
				PRODUCT_NAME = "$(TARGET_NAME)";
				SWIFT_VERSION = 5.0;
				TARGETED_DEVICE_FAMILY = "1,2";
			};
			name = Debug;
		};
		F87D435621CB83C3005A84F0 /* Release */ = {
			isa = XCBuildConfiguration;
			baseConfigurationReference = 8D5641B21CBD4C8571229A3D /* Pods-Elemental.release.xcconfig */;
			buildSettings = {
				ASSETCATALOG_COMPILER_APPICON_NAME = AppIcon;
				CODE_SIGN_STYLE = Automatic;
				DEVELOPMENT_TEAM = A6P947AGWR;
				INFOPLIST_FILE = Elemental/Info.plist;
				IPHONEOS_DEPLOYMENT_TARGET = 13.6;
				LD_RUNPATH_SEARCH_PATHS = (
					"$(inherited)",
					"@executable_path/Frameworks",
				);
				PRODUCT_BUNDLE_IDENTIFIER = com.GeorgeYuApps.Elemental;
				PRODUCT_NAME = "$(TARGET_NAME)";
				SWIFT_VERSION = 5.0;
				TARGETED_DEVICE_FAMILY = "1,2";
			};
			name = Release;
		};
		F87D435821CB83C3005A84F0 /* Debug */ = {
			isa = XCBuildConfiguration;
			buildSettings = {
				ALWAYS_EMBED_SWIFT_STANDARD_LIBRARIES = YES;
				BUNDLE_LOADER = "$(TEST_HOST)";
				CODE_SIGN_STYLE = Automatic;
				INFOPLIST_FILE = ElementalTests/Info.plist;
				LD_RUNPATH_SEARCH_PATHS = (
					"$(inherited)",
					"@executable_path/Frameworks",
					"@loader_path/Frameworks",
				);
				PRODUCT_BUNDLE_IDENTIFIER = com.GeorgeYuApps.ElementalTests;
				PRODUCT_NAME = "$(TARGET_NAME)";
				SWIFT_VERSION = 5.0;
				TARGETED_DEVICE_FAMILY = "1,2";
				TEST_HOST = "$(BUILT_PRODUCTS_DIR)/Elemental.app/Elemental";
			};
			name = Debug;
		};
		F87D435921CB83C3005A84F0 /* Release */ = {
			isa = XCBuildConfiguration;
			buildSettings = {
				ALWAYS_EMBED_SWIFT_STANDARD_LIBRARIES = YES;
				BUNDLE_LOADER = "$(TEST_HOST)";
				CODE_SIGN_STYLE = Automatic;
				INFOPLIST_FILE = ElementalTests/Info.plist;
				LD_RUNPATH_SEARCH_PATHS = (
					"$(inherited)",
					"@executable_path/Frameworks",
					"@loader_path/Frameworks",
				);
				PRODUCT_BUNDLE_IDENTIFIER = com.GeorgeYuApps.ElementalTests;
				PRODUCT_NAME = "$(TARGET_NAME)";
				SWIFT_VERSION = 5.0;
				TARGETED_DEVICE_FAMILY = "1,2";
				TEST_HOST = "$(BUILT_PRODUCTS_DIR)/Elemental.app/Elemental";
			};
			name = Release;
		};
		F87D435B21CB83C3005A84F0 /* Debug */ = {
			isa = XCBuildConfiguration;
			buildSettings = {
				ALWAYS_EMBED_SWIFT_STANDARD_LIBRARIES = YES;
				CODE_SIGN_STYLE = Automatic;
				INFOPLIST_FILE = ElementalUITests/Info.plist;
				LD_RUNPATH_SEARCH_PATHS = (
					"$(inherited)",
					"@executable_path/Frameworks",
					"@loader_path/Frameworks",
				);
				PRODUCT_BUNDLE_IDENTIFIER = com.GeorgeYuApps.ElementalUITests;
				PRODUCT_NAME = "$(TARGET_NAME)";
				SWIFT_VERSION = 5.0;
				TARGETED_DEVICE_FAMILY = "1,2";
				TEST_TARGET_NAME = Elemental;
			};
			name = Debug;
		};
		F87D435C21CB83C3005A84F0 /* Release */ = {
			isa = XCBuildConfiguration;
			buildSettings = {
				ALWAYS_EMBED_SWIFT_STANDARD_LIBRARIES = YES;
				CODE_SIGN_STYLE = Automatic;
				INFOPLIST_FILE = ElementalUITests/Info.plist;
				LD_RUNPATH_SEARCH_PATHS = (
					"$(inherited)",
					"@executable_path/Frameworks",
					"@loader_path/Frameworks",
				);
				PRODUCT_BUNDLE_IDENTIFIER = com.GeorgeYuApps.ElementalUITests;
				PRODUCT_NAME = "$(TARGET_NAME)";
				SWIFT_VERSION = 5.0;
				TARGETED_DEVICE_FAMILY = "1,2";
				TEST_TARGET_NAME = Elemental;
			};
			name = Release;
		};
/* End XCBuildConfiguration section */

/* Begin XCConfigurationList section */
		F87D432721CB83C2005A84F0 /* Build configuration list for PBXProject "Elemental" */ = {
			isa = XCConfigurationList;
			buildConfigurations = (
				F87D435221CB83C3005A84F0 /* Debug */,
				F87D435321CB83C3005A84F0 /* Release */,
			);
			defaultConfigurationIsVisible = 0;
			defaultConfigurationName = Release;
		};
		F87D435421CB83C3005A84F0 /* Build configuration list for PBXNativeTarget "Elemental" */ = {
			isa = XCConfigurationList;
			buildConfigurations = (
				F87D435521CB83C3005A84F0 /* Debug */,
				F87D435621CB83C3005A84F0 /* Release */,
			);
			defaultConfigurationIsVisible = 0;
			defaultConfigurationName = Release;
		};
		F87D435721CB83C3005A84F0 /* Build configuration list for PBXNativeTarget "ElementalTests" */ = {
			isa = XCConfigurationList;
			buildConfigurations = (
				F87D435821CB83C3005A84F0 /* Debug */,
				F87D435921CB83C3005A84F0 /* Release */,
			);
			defaultConfigurationIsVisible = 0;
			defaultConfigurationName = Release;
		};
		F87D435A21CB83C3005A84F0 /* Build configuration list for PBXNativeTarget "ElementalUITests" */ = {
			isa = XCConfigurationList;
			buildConfigurations = (
				F87D435B21CB83C3005A84F0 /* Debug */,
				F87D435C21CB83C3005A84F0 /* Release */,
			);
			defaultConfigurationIsVisible = 0;
			defaultConfigurationName = Release;
		};
/* End XCConfigurationList section */
	};
	rootObject = F87D432421CB83C2005A84F0 /* Project object */;
}
